// !$*UTF8*$!
{
	archiveVersion = 1;
	classes = {
	};
	objectVersion = 50;
	objects = {

/* Begin PBXBuildFile section */
		8625DE7D269A8FCA00037449 /* EmojiMemoryGame.swift in Sources */ = {isa = PBXBuildFile; fileRef = 8625DE7C269A8FCA00037449 /* EmojiMemoryGame.swift */; };
		8625FB9B26A1AC0700697F6D /* AspectVGrid.swift in Sources */ = {isa = PBXBuildFile; fileRef = 8625FB9A26A1AC0700697F6D /* AspectVGrid.swift */; };
		8669A7E026994AFA00D0F41F /* AppDelegate.swift in Sources */ = {isa = PBXBuildFile; fileRef = 8669A7DF26994AFA00D0F41F /* AppDelegate.swift */; };
		8669A7E226994AFA00D0F41F /* SceneDelegate.swift in Sources */ = {isa = PBXBuildFile; fileRef = 8669A7E126994AFA00D0F41F /* SceneDelegate.swift */; };
		8669A7E426994AFA00D0F41F /* EmojiMemoryGameView.swift in Sources */ = {isa = PBXBuildFile; fileRef = 8669A7E326994AFA00D0F41F /* EmojiMemoryGameView.swift */; };
		8669A7E626994AFB00D0F41F /* Assets.xcassets in Resources */ = {isa = PBXBuildFile; fileRef = 8669A7E526994AFB00D0F41F /* Assets.xcassets */; };
		8669A7E926994AFB00D0F41F /* Preview Assets.xcassets in Resources */ = {isa = PBXBuildFile; fileRef = 8669A7E826994AFB00D0F41F /* Preview Assets.xcassets */; };
		8669A7EC26994AFB00D0F41F /* LaunchScreen.storyboard in Resources */ = {isa = PBXBuildFile; fileRef = 8669A7EA26994AFB00D0F41F /* LaunchScreen.storyboard */; };
		86BBB2ED2699DC6400852285 /* MemoryGame.swift in Sources */ = {isa = PBXBuildFile; fileRef = 86BBB2EC2699DC6400852285 /* MemoryGame.swift */; };
/* End PBXBuildFile section */

/* Begin PBXFileReference section */
		8625DE7C269A8FCA00037449 /* EmojiMemoryGame.swift */ = {isa = PBXFileReference; lastKnownFileType = sourcecode.swift; path = EmojiMemoryGame.swift; sourceTree = "<group>"; };
		8625FB9A26A1AC0700697F6D /* AspectVGrid.swift */ = {isa = PBXFileReference; lastKnownFileType = sourcecode.swift; path = AspectVGrid.swift; sourceTree = "<group>"; };
		8669A7DC26994AFA00D0F41F /* CardViewGame.app */ = {isa = PBXFileReference; explicitFileType = wrapper.application; includeInIndex = 0; path = CardViewGame.app; sourceTree = BUILT_PRODUCTS_DIR; };
		8669A7DF26994AFA00D0F41F /* AppDelegate.swift */ = {isa = PBXFileReference; lastKnownFileType = sourcecode.swift; path = AppDelegate.swift; sourceTree = "<group>"; };
		8669A7E126994AFA00D0F41F /* SceneDelegate.swift */ = {isa = PBXFileReference; lastKnownFileType = sourcecode.swift; path = SceneDelegate.swift; sourceTree = "<group>"; };
		8669A7E326994AFA00D0F41F /* EmojiMemoryGameView.swift */ = {isa = PBXFileReference; lastKnownFileType = sourcecode.swift; path = EmojiMemoryGameView.swift; sourceTree = "<group>"; };
		8669A7E526994AFB00D0F41F /* Assets.xcassets */ = {isa = PBXFileReference; lastKnownFileType = folder.assetcatalog; path = Assets.xcassets; sourceTree = "<group>"; };
		8669A7E826994AFB00D0F41F /* Preview Assets.xcassets */ = {isa = PBXFileReference; lastKnownFileType = folder.assetcatalog; path = "Preview Assets.xcassets"; sourceTree = "<group>"; };
		8669A7EB26994AFB00D0F41F /* Base */ = {isa = PBXFileReference; lastKnownFileType = file.storyboard; name = Base; path = Base.lproj/LaunchScreen.storyboard; sourceTree = "<group>"; };
		8669A7ED26994AFB00D0F41F /* Info.plist */ = {isa = PBXFileReference; lastKnownFileType = text.plist.xml; path = Info.plist; sourceTree = "<group>"; };
		86BBB2EC2699DC6400852285 /* MemoryGame.swift */ = {isa = PBXFileReference; lastKnownFileType = sourcecode.swift; path = MemoryGame.swift; sourceTree = "<group>"; };
/* End PBXFileReference section */

/* Begin PBXFrameworksBuildPhase section */
		8669A7D926994AFA00D0F41F /* Frameworks */ = {
			isa = PBXFrameworksBuildPhase;
			buildActionMask = 2147483647;
			files = (
			);
			runOnlyForDeploymentPostprocessing = 0;
		};
/* End PBXFrameworksBuildPhase section */

/* Begin PBXGroup section */
		8669A7D326994AFA00D0F41F = {
			isa = PBXGroup;
			children = (
				8669A7DE26994AFA00D0F41F /* CardViewGame */,
				8669A7DD26994AFA00D0F41F /* Products */,
			);
			sourceTree = "<group>";
		};
		8669A7DD26994AFA00D0F41F /* Products */ = {
			isa = PBXGroup;
			children = (
				8669A7DC26994AFA00D0F41F /* CardViewGame.app */,
			);
			name = Products;
			sourceTree = "<group>";
		};
		8669A7DE26994AFA00D0F41F /* CardViewGame */ = {
			isa = PBXGroup;
			children = (
				86BBB2EC2699DC6400852285 /* MemoryGame.swift */,
				8625DE7C269A8FCA00037449 /* EmojiMemoryGame.swift */,
				8669A7E326994AFA00D0F41F /* EmojiMemoryGameView.swift */,
				8625FB9A26A1AC0700697F6D /* AspectVGrid.swift */,
				8669A7DF26994AFA00D0F41F /* AppDelegate.swift */,
				8669A7E126994AFA00D0F41F /* SceneDelegate.swift */,
				8669A7E526994AFB00D0F41F /* Assets.xcassets */,
				8669A7EA26994AFB00D0F41F /* LaunchScreen.storyboard */,
				8669A7ED26994AFB00D0F41F /* Info.plist */,
				8669A7E726994AFB00D0F41F /* Preview Content */,
			);
			path = CardViewGame;
			sourceTree = "<group>";
		};
		8669A7E726994AFB00D0F41F /* Preview Content */ = {
			isa = PBXGroup;
			children = (
				8669A7E826994AFB00D0F41F /* Preview Assets.xcassets */,
			);
			path = "Preview Content";
			sourceTree = "<group>";
		};
/* End PBXGroup section */

/* Begin PBXNativeTarget section */
		8669A7DB26994AFA00D0F41F /* CardViewGame */ = {
			isa = PBXNativeTarget;
			buildConfigurationList = 8669A7F026994AFB00D0F41F /* Build configuration list for PBXNativeTarget "CardViewGame" */;
			buildPhases = (
				8669A7D826994AFA00D0F41F /* Sources */,
				8669A7D926994AFA00D0F41F /* Frameworks */,
				8669A7DA26994AFA00D0F41F /* Resources */,
			);
			buildRules = (
			);
			dependencies = (
			);
			name = CardViewGame;
			productName = CardViewGame;
			productReference = 8669A7DC26994AFA00D0F41F /* CardViewGame.app */;
			productType = "com.apple.product-type.application";
		};
/* End PBXNativeTarget section */

/* Begin PBXProject section */
		8669A7D426994AFA00D0F41F /* Project object */ = {
			isa = PBXProject;
			attributes = {
				LastSwiftUpdateCheck = 1240;
				LastUpgradeCheck = 1240;
				TargetAttributes = {
					8669A7DB26994AFA00D0F41F = {
						CreatedOnToolsVersion = 12.4;
					};
				};
			};
			buildConfigurationList = 8669A7D726994AFA00D0F41F /* Build configuration list for PBXProject "CardViewGame" */;
			compatibilityVersion = "Xcode 9.3";
			developmentRegion = en;
			hasScannedForEncodings = 0;
			knownRegions = (
				en,
				Base,
			);
			mainGroup = 8669A7D326994AFA00D0F41F;
			productRefGroup = 8669A7DD26994AFA00D0F41F /* Products */;
			projectDirPath = "";
			projectRoot = "";
			targets = (
				8669A7DB26994AFA00D0F41F /* CardViewGame */,
			);
		};
/* End PBXProject section */

/* Begin PBXResourcesBuildPhase section */
		8669A7DA26994AFA00D0F41F /* Resources */ = {
			isa = PBXResourcesBuildPhase;
			buildActionMask = 2147483647;
			files = (
				8669A7EC26994AFB00D0F41F /* LaunchScreen.storyboard in Resources */,
				8669A7E926994AFB00D0F41F /* Preview Assets.xcassets in Resources */,
				8669A7E626994AFB00D0F41F /* Assets.xcassets in Resources */,
			);
			runOnlyForDeploymentPostprocessing = 0;
		};
/* End PBXResourcesBuildPhase section */

/* Begin PBXSourcesBuildPhase section */
		8669A7D826994AFA00D0F41F /* Sources */ = {
			isa = PBXSourcesBuildPhase;
			buildActionMask = 2147483647;
			files = (
				86BBB2ED2699DC6400852285 /* MemoryGame.swift in Sources */,
				8669A7E026994AFA00D0F41F /* AppDelegate.swift in Sources */,
				8625FB9B26A1AC0700697F6D /* AspectVGrid.swift in Sources */,
				8669A7E226994AFA00D0F41F /* SceneDelegate.swift in Sources */,
				8669A7E426994AFA00D0F41F /* EmojiMemoryGameView.swift in Sources */,
				8625DE7D269A8FCA00037449 /* EmojiMemoryGame.swift in Sources */,
			);
			runOnlyForDeploymentPostprocessing = 0;
		};
/* End PBXSourcesBuildPhase section */

/* Begin PBXVariantGroup section */
		8669A7EA26994AFB00D0F41F /* LaunchScreen.storyboard */ = {
			isa = PBXVariantGroup;
			children = (
				8669A7EB26994AFB00D0F41F /* Base */,
			);
			name = LaunchScreen.storyboard;
			sourceTree = "<group>";
		};
/* End PBXVariantGroup section */

/* Begin XCBuildConfiguration section */
		8669A7EE26994AFB00D0F41F /* Debug */ = {
			isa = XCBuildConfiguration;
			buildSettings = {
				ALWAYS_SEARCH_USER_PATHS = NO;
				CLANG_ANALYZER_NONNULL = YES;
				CLANG_ANALYZER_NUMBER_OBJECT_CONVERSION = YES_AGGRESSIVE;
				CLANG_CXX_LANGUAGE_STANDARD = "gnu++14";
				CLANG_CXX_LIBRARY = "libc++";
				CLANG_ENABLE_MODULES = YES;
				CLANG_ENABLE_OBJC_ARC = YES;
				CLANG_ENABLE_OBJC_WEAK = YES;
				CLANG_WARN_BLOCK_CAPTURE_AUTORELEASING = YES;
				CLANG_WARN_BOOL_CONVERSION = YES;
				CLANG_WARN_COMMA = YES;
				CLANG_WARN_CONSTANT_CONVERSION = YES;
				CLANG_WARN_DEPRECATED_OBJC_IMPLEMENTATIONS = YES;
				CLANG_WARN_DIRECT_OBJC_ISA_USAGE = YES_ERROR;
				CLANG_WARN_DOCUMENTATION_COMMENTS = YES;
				CLANG_WARN_EMPTY_BODY = YES;
				CLANG_WARN_ENUM_CONVERSION = YES;
				CLANG_WARN_INFINITE_RECURSION = YES;
				CLANG_WARN_INT_CONVERSION = YES;
				CLANG_WARN_NON_LITERAL_NULL_CONVERSION = YES;
				CLANG_WARN_OBJC_IMPLICIT_RETAIN_SELF = YES;
				CLANG_WARN_OBJC_LITERAL_CONVERSION = YES;
				CLANG_WARN_OBJC_ROOT_CLASS = YES_ERROR;
				CLANG_WARN_QUOTED_INCLUDE_IN_FRAMEWORK_HEADER = YES;
				CLANG_WARN_RANGE_LOOP_ANALYSIS = YES;
				CLANG_WARN_STRICT_PROTOTYPES = YES;
				CLANG_WARN_SUSPICIOUS_MOVE = YES;
				CLANG_WARN_UNGUARDED_AVAILABILITY = YES_AGGRESSIVE;
				CLANG_WARN_UNREACHABLE_CODE = YES;
				CLANG_WARN__DUPLICATE_METHOD_MATCH = YES;
				COPY_PHASE_STRIP = NO;
				DEBUG_INFORMATION_FORMAT = dwarf;
				ENABLE_STRICT_OBJC_MSGSEND = YES;
				ENABLE_TESTABILITY = YES;
				GCC_C_LANGUAGE_STANDARD = gnu11;
				GCC_DYNAMIC_NO_PIC = NO;
				GCC_NO_COMMON_BLOCKS = YES;
				GCC_OPTIMIZATION_LEVEL = 0;
				GCC_PREPROCESSOR_DEFINITIONS = (
					"DEBUG=1",
					"$(inherited)",
				);
				GCC_WARN_64_TO_32_BIT_CONVERSION = YES;
				GCC_WARN_ABOUT_RETURN_TYPE = YES_ERROR;
				GCC_WARN_UNDECLARED_SELECTOR = YES;
				GCC_WARN_UNINITIALIZED_AUTOS = YES_AGGRESSIVE;
				GCC_WARN_UNUSED_FUNCTION = YES;
				GCC_WARN_UNUSED_VARIABLE = YES;
				IPHONEOS_DEPLOYMENT_TARGET = 14.4;
				MTL_ENABLE_DEBUG_INFO = INCLUDE_SOURCE;
				MTL_FAST_MATH = YES;
				ONLY_ACTIVE_ARCH = YES;
				SDKROOT = iphoneos;
				SWIFT_ACTIVE_COMPILATION_CONDITIONS = DEBUG;
				SWIFT_OPTIMIZATION_LEVEL = "-Onone";
			};
			name = Debug;
		};
		8669A7EF26994AFB00D0F41F /* Release */ = {
			isa = XCBuildConfiguration;
			buildSettings = {
				ALWAYS_SEARCH_USER_PATHS = NO;
				CLANG_ANALYZER_NONNULL = YES;
				CLANG_ANALYZER_NUMBER_OBJECT_CONVERSION = YES_AGGRESSIVE;
				CLANG_CXX_LANGUAGE_STANDARD = "gnu++14";
				CLANG_CXX_LIBRARY = "libc++";
				CLANG_ENABLE_MODULES = YES;
				CLANG_ENABLE_OBJC_ARC = YES;
				CLANG_ENABLE_OBJC_WEAK = YES;
				CLANG_WARN_BLOCK_CAPTURE_AUTORELEASING = YES;
				CLANG_WARN_BOOL_CONVERSION = YES;
				CLANG_WARN_COMMA = YES;
				CLANG_WARN_CONSTANT_CONVERSION = YES;
				CLANG_WARN_DEPRECATED_OBJC_IMPLEMENTATIONS = YES;
				CLANG_WARN_DIRECT_OBJC_ISA_USAGE = YES_ERROR;
				CLANG_WARN_DOCUMENTATION_COMMENTS = YES;
				CLANG_WARN_EMPTY_BODY = YES;
				CLANG_WARN_ENUM_CONVERSION = YES;
				CLANG_WARN_INFINITE_RECURSION = YES;
				CLANG_WARN_INT_CONVERSION = YES;
				CLANG_WARN_NON_LITERAL_NULL_CONVERSION = YES;
				CLANG_WARN_OBJC_IMPLICIT_RETAIN_SELF = YES;
				CLANG_WARN_OBJC_LITERAL_CONVERSION = YES;
				CLANG_WARN_OBJC_ROOT_CLASS = YES_ERROR;
				CLANG_WARN_QUOTED_INCLUDE_IN_FRAMEWORK_HEADER = YES;
				CLANG_WARN_RANGE_LOOP_ANALYSIS = YES;
				CLANG_WARN_STRICT_PROTOTYPES = YES;
				CLANG_WARN_SUSPICIOUS_MOVE = YES;
				CLANG_WARN_UNGUARDED_AVAILABILITY = YES_AGGRESSIVE;
				CLANG_WARN_UNREACHABLE_CODE = YES;
				CLANG_WARN__DUPLICATE_METHOD_MATCH = YES;
				COPY_PHASE_STRIP = NO;
				DEBUG_INFORMATION_FORMAT = "dwarf-with-dsym";
				ENABLE_NS_ASSERTIONS = NO;
				ENABLE_STRICT_OBJC_MSGSEND = YES;
				GCC_C_LANGUAGE_STANDARD = gnu11;
				GCC_NO_COMMON_BLOCKS = YES;
				GCC_WARN_64_TO_32_BIT_CONVERSION = YES;
				GCC_WARN_ABOUT_RETURN_TYPE = YES_ERROR;
				GCC_WARN_UNDECLARED_SELECTOR = YES;
				GCC_WARN_UNINITIALIZED_AUTOS = YES_AGGRESSIVE;
				GCC_WARN_UNUSED_FUNCTION = YES;
				GCC_WARN_UNUSED_VARIABLE = YES;
				IPHONEOS_DEPLOYMENT_TARGET = 14.4;
				MTL_ENABLE_DEBUG_INFO = NO;
				MTL_FAST_MATH = YES;
				SDKROOT = iphoneos;
				SWIFT_COMPILATION_MODE = wholemodule;
				SWIFT_OPTIMIZATION_LEVEL = "-O";
				VALIDATE_PRODUCT = YES;
			};
			name = Release;
		};
		8669A7F126994AFB00D0F41F /* Debug */ = {
			isa = XCBuildConfiguration;
			buildSettings = {
				ASSETCATALOG_COMPILER_APPICON_NAME = AppIcon;
				ASSETCATALOG_COMPILER_GLOBAL_ACCENT_COLOR_NAME = AccentColor;
				CODE_SIGN_STYLE = Automatic;
				DEVELOPMENT_ASSET_PATHS = "\"CardViewGame/Preview Content\"";
				DEVELOPMENT_TEAM = KF5FK9BCXT;
				ENABLE_PREVIEWS = YES;
				INFOPLIST_FILE = CardViewGame/Info.plist;
				LD_RUNPATH_SEARCH_PATHS = (
					"$(inherited)",
					"@executable_path/Frameworks",
				);
				PRODUCT_BUNDLE_IDENTIFIER = "detacl73-gmail.com.CardViewGame";
				PRODUCT_NAME = "$(TARGET_NAME)";
				SWIFT_VERSION = 5.0;
				TARGETED_DEVICE_FAMILY = "1,2";
			};
			name = Debug;
		};
		8669A7F226994AFB00D0F41F /* Release */ = {
			isa = XCBuildConfiguration;
			buildSettings = {
				ASSETCATALOG_COMPILER_APPICON_NAME = AppIcon;
				ASSETCATALOG_COMPILER_GLOBAL_ACCENT_COLOR_NAME = AccentColor;
				CODE_SIGN_STYLE = Automatic;
				DEVELOPMENT_ASSET_PATHS = "\"CardViewGame/Preview Content\"";
				DEVELOPMENT_TEAM = KF5FK9BCXT;
				ENABLE_PREVIEWS = YES;
				INFOPLIST_FILE = CardViewGame/Info.plist;
				LD_RUNPATH_SEARCH_PATHS = (
					"$(inherited)",
					"@executable_path/Frameworks",
				);
				PRODUCT_BUNDLE_IDENTIFIER = "detacl73-gmail.com.CardViewGame";
				PRODUCT_NAME = "$(TARGET_NAME)";
				SWIFT_VERSION = 5.0;
				TARGETED_DEVICE_FAMILY = "1,2";
			};
			name = Release;
		};
/* End XCBuildConfiguration section */

/* Begin XCConfigurationList section */
		8669A7D726994AFA00D0F41F /* Build configuration list for PBXProject "CardViewGame" */ = {
			isa = XCConfigurationList;
			buildConfigurations = (
				8669A7EE26994AFB00D0F41F /* Debug */,
				8669A7EF26994AFB00D0F41F /* Release */,
			);
			defaultConfigurationIsVisible = 0;
			defaultConfigurationName = Release;
		};
		8669A7F026994AFB00D0F41F /* Build configuration list for PBXNativeTarget "CardViewGame" */ = {
			isa = XCConfigurationList;
			buildConfigurations = (
				8669A7F126994AFB00D0F41F /* Debug */,
				8669A7F226994AFB00D0F41F /* Release */,
			);
			defaultConfigurationIsVisible = 0;
			defaultConfigurationName = Release;
		};
/* End XCConfigurationList section */
	};
	rootObject = 8669A7D426994AFA00D0F41F /* Project object */;
}
